
Microsoft Visual Studio Solution File, Format Version 12.00
Project("{FAE04EC0-301F-11D3-BF4B-00C04F79EFBC}") = "Weltmeyer.RabbitMediator", "Weltmeyer.RabbitMediator\Weltmeyer.RabbitMediator.csproj", "{C67451F3-BD9B-4FD3-A1DD-48B71915A9DF}"
EndProject
Project("{2150E333-8FDC-42A3-9474-1A3956D46DE8}") = "Testing", "Testing", "{1B206F85-101B-403E-9E88-A19B8F829F26}"
EndProject
Project("{FAE04EC0-301F-11D3-BF4B-00C04F79EFBC}") = "Weltmeyer.RabbitMediator.Aspire.AppHost", "Testing\Weltmeyer.RabbitMediator.Aspire.AppHost\Weltmeyer.RabbitMediator.Aspire.AppHost.csproj", "{CF5FF318-1C6B-4A1D-8D17-A9F5C63684D1}"
EndProject
Project("{FAE04EC0-301F-11D3-BF4B-00C04F79EFBC}") = "Weltmeyer.RabbitMediator.Aspire.Tests", "Testing\Weltmeyer.RabbitMediator.Aspire.Tests\Weltmeyer.RabbitMediator.Aspire.Tests.csproj", "{6EB6E93B-9F22-45F7-AEAE-B76C59335293}"
EndProject
Project("{FAE04EC0-301F-11D3-BF4B-00C04F79EFBC}") = "Weltmeyer.RabbitMediator.Test.Shared", "Testing\Weltmeyer.RabbitMediator.Test.Shared\Weltmeyer.RabbitMediator.Test.Shared.csproj", "{90D85764-B200-4F18-868E-0FDAF1F3C180}"
EndProject
Project("{2150E333-8FDC-42A3-9474-1A3956D46DE8}") = "Examples", "Examples", "{7C0E0372-21F7-4AE8-AE26-5193CCE859F7}"
EndProject
Project("{2150E333-8FDC-42A3-9474-1A3956D46DE8}") = "BlazorChat", "BlazorChat", "{7347E742-3E96-4868-8958-7F780F1C61F1}"
EndProject
Project("{FAE04EC0-301F-11D3-BF4B-00C04F79EFBC}") = "Examples.BlazorChat.App", "Examples\BlazorChat\BlazorChat\Examples.BlazorChat.App\Examples.BlazorChat.App.csproj", "{E23A3427-D971-4325-A7C4-D1CC6FBDBC9C}"
EndProject
Project("{FAE04EC0-301F-11D3-BF4B-00C04F79EFBC}") = "Examples.BlazorChat.AspireHost", "Examples\BlazorChat\AspireHost\Examples.BlazorChat.AspireHost\Examples.BlazorChat.AspireHost.csproj", "{C11F0E4F-BAF9-4BF3-94B8-3855871D4B7D}"
EndProject
Global
	GlobalSection(SolutionConfigurationPlatforms) = preSolution
		Debug|Any CPU = Debug|Any CPU
		Release|Any CPU = Release|Any CPU
	EndGlobalSection
	GlobalSection(ProjectConfigurationPlatforms) = postSolution
		{C67451F3-BD9B-4FD3-A1DD-48B71915A9DF}.Debug|Any CPU.ActiveCfg = Debug|Any CPU
		{C67451F3-BD9B-4FD3-A1DD-48B71915A9DF}.Debug|Any CPU.Build.0 = Debug|Any CPU
		{C67451F3-BD9B-4FD3-A1DD-48B71915A9DF}.Release|Any CPU.ActiveCfg = Release|Any CPU
		{C67451F3-BD9B-4FD3-A1DD-48B71915A9DF}.Release|Any CPU.Build.0 = Release|Any CPU
		{CF5FF318-1C6B-4A1D-8D17-A9F5C63684D1}.Debug|Any CPU.ActiveCfg = Debug|Any CPU
		{CF5FF318-1C6B-4A1D-8D17-A9F5C63684D1}.Debug|Any CPU.Build.0 = Debug|Any CPU
		{CF5FF318-1C6B-4A1D-8D17-A9F5C63684D1}.Release|Any CPU.ActiveCfg = Release|Any CPU
		{CF5FF318-1C6B-4A1D-8D17-A9F5C63684D1}.Release|Any CPU.Build.0 = Release|Any CPU
		{6EB6E93B-9F22-45F7-AEAE-B76C59335293}.Debug|Any CPU.ActiveCfg = Debug|Any CPU
		{6EB6E93B-9F22-45F7-AEAE-B76C59335293}.Debug|Any CPU.Build.0 = Debug|Any CPU
		{6EB6E93B-9F22-45F7-AEAE-B76C59335293}.Release|Any CPU.ActiveCfg = Release|Any CPU
		{6EB6E93B-9F22-45F7-AEAE-B76C59335293}.Release|Any CPU.Build.0 = Release|Any CPU
		{90D85764-B200-4F18-868E-0FDAF1F3C180}.Debug|Any CPU.ActiveCfg = Debug|Any CPU
		{90D85764-B200-4F18-868E-0FDAF1F3C180}.Debug|Any CPU.Build.0 = Debug|Any CPU
		{90D85764-B200-4F18-868E-0FDAF1F3C180}.Release|Any CPU.ActiveCfg = Release|Any CPU
		{90D85764-B200-4F18-868E-0FDAF1F3C180}.Release|Any CPU.Build.0 = Release|Any CPU
		{E23A3427-D971-4325-A7C4-D1CC6FBDBC9C}.Debug|Any CPU.ActiveCfg = Debug|Any CPU
		{E23A3427-D971-4325-A7C4-D1CC6FBDBC9C}.Debug|Any CPU.Build.0 = Debug|Any CPU
		{E23A3427-D971-4325-A7C4-D1CC6FBDBC9C}.Release|Any CPU.ActiveCfg = Release|Any CPU
		{E23A3427-D971-4325-A7C4-D1CC6FBDBC9C}.Release|Any CPU.Build.0 = Release|Any CPU
		{C11F0E4F-BAF9-4BF3-94B8-3855871D4B7D}.Debug|Any CPU.ActiveCfg = Debug|Any CPU
		{C11F0E4F-BAF9-4BF3-94B8-3855871D4B7D}.Debug|Any CPU.Build.0 = Debug|Any CPU
		{C11F0E4F-BAF9-4BF3-94B8-3855871D4B7D}.Release|Any CPU.ActiveCfg = Release|Any CPU
		{C11F0E4F-BAF9-4BF3-94B8-3855871D4B7D}.Release|Any CPU.Build.0 = Release|Any CPU
	EndGlobalSection
	GlobalSection(NestedProjects) = preSolution
		{CF5FF318-1C6B-4A1D-8D17-A9F5C63684D1} = {1B206F85-101B-403E-9E88-A19B8F829F26}
		{6EB6E93B-9F22-45F7-AEAE-B76C59335293} = {1B206F85-101B-403E-9E88-A19B8F829F26}
		{90D85764-B200-4F18-868E-0FDAF1F3C180} = {1B206F85-101B-403E-9E88-A19B8F829F26}
		{7347E742-3E96-4868-8958-7F780F1C61F1} = {7C0E0372-21F7-4AE8-AE26-5193CCE859F7}
		{E23A3427-D971-4325-A7C4-D1CC6FBDBC9C} = {7347E742-3E96-4868-8958-7F780F1C61F1}
		{C11F0E4F-BAF9-4BF3-94B8-3855871D4B7D} = {7347E742-3E96-4868-8958-7F780F1C61F1}
	EndGlobalSection
EndGlobal
